# This file is autogenerated, do not edit; changes may be undone by the next 'dep ensure'.


[[projects]]
  branch = "master"
  digest = "1:315c5f2f60c76d89b871c73f9bd5fe689cad96597afd50fb9992228ef80bdd34"
  name = "github.com/alecthomas/template"
  packages = [
    ".",
    "parse",
  ]
  pruneopts = "UT"
  revision = "a0175ee3bccc567396460bf5acd36800cb10c49c"

[[projects]]
  branch = "master"
  digest = "1:c198fdc381e898e8fb62b8eb62758195091c313ad18e52a3067366e1dda2fb3c"
  name = "github.com/alecthomas/units"
  packages = ["."]
  pruneopts = "UT"
  revision = "2efee857e7cfd4f3d0138cc3cbb1b4966962b93a"

[[projects]]
  branch = "master"
  digest = "1:bfaf16ba1c0542a6e62b5a08c699069dcac8237a2e1140a57388b4389ef6a2d7"
  name = "github.com/dmcgowan/go"
  packages = ["codec"]
  pruneopts = "UT"
  revision = "5d26f5fd8a4e87c22037b52bf41aad8d69e5f436"

[[projects]]
  digest = "1:b5e80258de8e8bb5c6e46e9a9a0c3441d6d46682c4af84601d558926ee5469ba"
  name = "github.com/docker/libchan"
  packages = [
    ".",
    "spdy",
  ]
  pruneopts = "UT"
  revision = "aea6f64450cfc4145ae3f1a9a821dafd97624f09"
  version = "v0.1.0"

[[projects]]
  branch = "master"
  digest = "1:ecdc8e0fe3bc7d549af1c9c36acf3820523b707d6c071b6d0c3860882c6f7b42"
  name = "github.com/docker/spdystream"
  packages = [
    ".",
    "spdy",
  ]
  pruneopts = "UT"
  revision = "6480d4af844c189cf5dd913db24ddd339d3a4f85"

[[projects]]
  digest = "1:718c57979a9197414a044fff2028e57cb9fe145069e4f507059755bfe87f1bfe"
  name = "github.com/influxdata/influxdb"
  packages = [
    "client/v2",
    "models",
    "pkg/escape",
  ]
  pruneopts = "UT"
  revision = "dac4c6f571662c63dc0d73346787b8c7f113222a"
  version = "v1.7.0"

[[projects]]
  branch = "master"
  digest = "1:2c584d8971881e9f9a7dd2e0a712e83cb5ded51c5173eef1615ce3f047dbded3"
  name = "github.com/influxdata/platform"
  packages = [
    "models",
    "pkg/escape",
  ]
  pruneopts = "UT"
  revision = "9b529771ebb35c920689a621cac0917440e464b9"

[[projects]]
  branch = "master"
  digest = "1:94f5bcd26eafa5e63fa4744d7118a20c9631d324577466bfcc474cebfd9c5d4c"
  name = "github.com/iomz/go-llrp"
  packages = [
    ".",
    "binutil",
  ]
  pruneopts = "UT"
  revision = "946d6a89c8d5147540a56f1bba3e3787be9eceaa"

[[projects]]
  branch = "master"
  digest = "1:3e63783cca1101798e35684ef1013a792243b0cd75b5da6f57173a3c654b9e5b"
  name = "github.com/looplab/fsm"
  packages = ["."]
  pruneopts = "UT"
  revision = "f980bdb68a8962823200eafe6c0aa99e917be0d7"

[[projects]]
  digest = "1:c06d9e11d955af78ac3bbb26bd02e01d2f61f689e1a3bce2ef6fb683ef8a7f2d"
  name = "gopkg.in/alecthomas/kingpin.v2"
  packages = ["."]
  pruneopts = "UT"
  revision = "947dcec5ba9c011838740e680966fd7087a71d0d"
  version = "v2.2.6"

[solve-meta]
  analyzer-name = "dep"
  analyzer-version = 1
  input-imports = [
    "github.com/docker/libchan/spdy",
    "github.com/influxdata/influxdb/client/v2",
    "github.com/iomz/go-llrp",
    "github.com/iomz/go-llrp/binutil",
    "github.com/looplab/fsm",
    "gopkg.in/alecthomas/kingpin.v2",
  ]
  solver-name = "gps-cdcl"
  solver-version = 1
